
Microsoft Visual Studio Solution File, Format Version 12.00
# Visual Studio 15
VisualStudioVersion = 15.0.28307.539
MinimumVisualStudioVersion = 10.0.40219.1
Project("{FAE04EC0-301F-11D3-BF4B-00C04F79EFBC}") = "ContentLoader", "ContentLoader\ContentLoader.csproj", "{D15DB26E-1DBD-4A27-814A-C8985B58047F}"
EndProject
Global
	GlobalSection(SolutionConfigurationPlatforms) = preSolution
		Debug|Any CPU = Debug|Any CPU
		Release|Any CPU = Release|Any CPU
	EndGlobalSection
	GlobalSection(ProjectConfigurationPlatforms) = postSolution
		{D15DB26E-1DBD-4A27-814A-C8985B58047F}.Debug|Any CPU.ActiveCfg = Debug|Any CPU
		{D15DB26E-1DBD-4A27-814A-C8985B58047F}.Debug|Any CPU.Build.0 = Debug|Any CPU
		{D15DB26E-1DBD-4A27-814A-C8985B58047F}.Release|Any CPU.ActiveCfg = Release|Any CPU
		{D15DB26E-1DBD-4A27-814A-C8985B58047F}.Release|Any CPU.Build.0 = Release|Any CPU
	EndGlobalSection
	GlobalSection(SolutionProperties) = preSolution
		HideSolutionNode = FALSE
	EndGlobalSection
	GlobalSection(ExtensibilityGlobals) = postSolution
		SolutionGuid = {A45821FA-95AF-4E39-9BB0-96819A4FA4DA}
	EndGlobalSection
EndGlobal
